<?xml version="1.0" encoding="utf-8"?>
<Project ToolsVersion="4.0" xmlns="http://schemas.microsoft.com/developer/msbuild/2003">
  <ItemGroup>
    <ClCompile Include="animatedActor.cpp">
      <Filter>Archivos de encabezado\Actors\AnimatedActor</Filter>
    </ClCompile>
    <ClCompile Include="baseActor.cpp">
      <Filter>Archivos de encabezado\Actors\BaseActor</Filter>
    </ClCompile>
    <ClCompile Include="spriteActor.cpp">
      <Filter>Archivos de encabezado\Actors\SpriteActor</Filter>
    </ClCompile>
    <ClCompile Include="genericSystem.cpp">
      <Filter>Archivos de encabezado\Systems\Generic</Filter>
    </ClCompile>
    <ClCompile Include="tickSystem.cpp">
      <Filter>Archivos de encabezado\Systems\TickSystem</Filter>
    </ClCompile>
    <ClCompile Include="allegroManager.cpp">
      <Filter>Archivos de encabezado\Utils\Defs</Filter>
    </ClCompile>
    <ClCompile Include="main.cpp">
      <Filter>Archivos de origen</Filter>
    </ClCompile>
    <ClCompile Include="basicCamera.cpp">
      <Filter>Archivos de encabezado\Cameras\BasicCamera</Filter>
    </ClCompile>
    <ClCompile Include="gravityComponent.cpp">
      <Filter>Archivos de encabezado\Components\GravityComponent</Filter>
    </ClCompile>
    <ClCompile Include="moveCommands.cpp">
      <Filter>Archivos de encabezado\Systems\Input\Commands\ActorCommands\MoveCommands</Filter>
    </ClCompile>
    <ClCompile Include="inputSystem.cpp">
      <Filter>Archivos de encabezado\Systems\Input\System</Filter>
    </ClCompile>
    <ClCompile Include="inputDriver.cpp">
      <Filter>Archivos de encabezado\Systems\Input\Driver</Filter>
    </ClCompile>
    <ClCompile Include="inputHandler.cpp">
      <Filter>Archivos de encabezado\Systems\Input\Handler</Filter>
    </ClCompile>
    <ClCompile Include="test.cpp">
      <Filter>Archivos de recursos\Test</Filter>
    </ClCompile>
    <ClCompile Include="jumpComponent.cpp">
      <Filter>Archivos de encabezado\Components\JumpComponent</Filter>
    </ClCompile>
    <ClCompile Include="collisionSystem.cpp">
      <Filter>Archivos de encabezado\Systems\CollisionSystem</Filter>
    </ClCompile>
    <ClCompile Include="player.cpp">
      <Filter>Archivos de encabezado\Actors\Player</Filter>
    </ClCompile>
    <ClCompile Include="shadowActor.cpp">
      <Filter>Archivos de encabezado\Actors\ShadowActor</Filter>
    </ClCompile>
    <ClCompile Include="memoryManager.cpp">
      <Filter>Archivos de encabezado\Systems\MemoryManager</Filter>
    </ClCompile>
    <ClCompile Include="globalSystem.cpp">
      <Filter>Archivos de encabezado\Systems\GlobalSystem</Filter>
    </ClCompile>
    <ClCompile Include="reindeer.cpp">
      <Filter>Archivos de encabezado\Actors\Reindeer</Filter>
    </ClCompile>
    <ClCompile Include="present.cpp">
      <Filter>Archivos de encabezado\Actors\Present</Filter>
    </ClCompile>
    <ClCompile Include="utils.cpp">
      <Filter>Archivos de encabezado\Utils\Defs</Filter>
    </ClCompile>
    <ClCompile Include="Hearth.cpp">
      <Filter>Archivos de encabezado\Actors\Hearth</Filter>
    </ClCompile>
    <ClCompile Include="igniter.cpp">
      <Filter>Archivos de encabezado\Actors\Enemy\Igniter</Filter>
    </ClCompile>
    <ClCompile Include="igniterSpawner.cpp">
      <Filter>Archivos de encabezado\Spawner\Igniter</Filter>
    </ClCompile>
    <ClCompile Include="garbage.cpp">
      <Filter>Archivos de encabezado\Systems\Garbage</Filter>
    </ClCompile>
    <ClCompile Include="thief.cpp">
      <Filter>Archivos de encabezado\Actors\Enemy\Thief</Filter>
    </ClCompile>
    <ClCompile Include="thiefSpawner.cpp">
      <Filter>Archivos de encabezado\Spawner\Thief</Filter>
    </ClCompile>
  </ItemGroup>
  <ItemGroup>
    <ClInclude Include="AnimatedActor.h">
      <Filter>Archivos de encabezado\Actors\AnimatedActor</Filter>
    </ClInclude>
    <ClInclude Include="BaseActor.h">
      <Filter>Archivos de encabezado\Actors\BaseActor</Filter>
    </ClInclude>
    <ClInclude Include="SpriteActor.h">
      <Filter>Archivos de encabezado\Actors\SpriteActor</Filter>
    </ClInclude>
    <ClInclude Include="GenericSystem.h">
      <Filter>Archivos de encabezado\Systems\Generic</Filter>
    </ClInclude>
    <ClInclude Include="TickSystem.h">
      <Filter>Archivos de encabezado\Systems\TickSystem</Filter>
    </ClInclude>
    <ClInclude Include="AllegroManager.h">
      <Filter>Archivos de encabezado\Utils</Filter>
    </ClInclude>
    <ClInclude Include="JoystickMapping.h">
      <Filter>Archivos de encabezado\Utils</Filter>
    </ClInclude>
    <ClInclude Include="Utils.h">
      <Filter>Archivos de encabezado\Utils</Filter>
    </ClInclude>
    <ClInclude Include="Timer.h">
      <Filter>Archivos de encabezado\Utils</Filter>
    </ClInclude>
    <ClInclude Include="BasicCamera.h">
      <Filter>Archivos de encabezado\Cameras\BasicCamera</Filter>
    </ClInclude>
    <ClInclude Include="GenericComponent.h">
      <Filter>Archivos de encabezado\Components\GenericComponent</Filter>
    </ClInclude>
    <ClInclude Include="GravityComponent.h">
      <Filter>Archivos de encabezado\Components\GravityComponent</Filter>
    </ClInclude>
    <ClInclude Include="GenericCommand.h">
      <Filter>Archivos de encabezado\Systems\Input\Commands\GenericCommand</Filter>
    </ClInclude>
    <ClInclude Include="MoveCommands.h">
      <Filter>Archivos de encabezado\Systems\Input\Commands\ActorCommands\MoveCommands</Filter>
    </ClInclude>
    <ClInclude Include="InputSystem.h">
      <Filter>Archivos de encabezado\Systems\Input\System</Filter>
    </ClInclude>
    <ClInclude Include="InputDriver.h">
      <Filter>Archivos de encabezado\Systems\Input\Driver</Filter>
    </ClInclude>
    <ClInclude Include="InputHandler.h">
      <Filter>Archivos de encabezado\Systems\Input\Handler</Filter>
    </ClInclude>
    <ClInclude Include="ActorCommand.h">
      <Filter>Archivos de encabezado\Systems\Input\Commands\ActorCommands</Filter>
    </ClInclude>
    <ClInclude Include="GlobalCommand.h">
      <Filter>Archivos de encabezado\Systems\Input\Commands\GlobalCommands</Filter>
    </ClInclude>
    <ClInclude Include="CloseCommand.h">
      <Filter>Archivos de encabezado\Systems\Input\Commands\GlobalCommands</Filter>
    </ClInclude>
    <ClInclude Include="Dependencies.h">
      <Filter>Archivos de recursos</Filter>
    </ClInclude>
    <ClInclude Include="Test.h">
      <Filter>Archivos de recursos\Test</Filter>
    </ClInclude>
    <ClInclude Include="JumpComponent.h">
      <Filter>Archivos de encabezado\Components\JumpComponent</Filter>
    </ClInclude>
    <ClInclude Include="CollisionSystem.h">
      <Filter>Archivos de encabezado\Systems\CollisionSystem</Filter>
    </ClInclude>
    <ClInclude Include="Player.h">
      <Filter>Archivos de encabezado\Actors\Player</Filter>
    </ClInclude>
    <ClInclude Include="ShadowActor.h">
      <Filter>Archivos de encabezado\Actors\ShadowActor</Filter>
    </ClInclude>
    <ClInclude Include="GlobalSystem.h">
      <Filter>Archivos de encabezado\Systems\GlobalSystem</Filter>
    </ClInclude>
    <ClInclude Include="MemoryManager.h">
      <Filter>Archivos de encabezado\Systems\MemoryManager</Filter>
    </ClInclude>
    <ClInclude Include="Hearth.h">
      <Filter>Archivos de encabezado\Actors\Hearth</Filter>
    </ClInclude>
    <ClInclude Include="Reindeer.h">
      <Filter>Archivos de encabezado\Actors\Reindeer</Filter>
    </ClInclude>
    <ClInclude Include="Observer.h">
      <Filter>Archivos de encabezado\Observer</Filter>
    </ClInclude>
    <ClInclude Include="Present.h">
      <Filter>Archivos de encabezado\Actors\Present</Filter>
    </ClInclude>
    <ClInclude Include="Enemy.h">
      <Filter>Archivos de encabezado\Actors\Enemy</Filter>
    </ClInclude>
    <ClInclude Include="Igniter.h">
      <Filter>Archivos de encabezado\Actors\Enemy\Igniter</Filter>
    </ClInclude>
    <ClInclude Include="LevelManager.h">
      <Filter>Archivos de encabezado\LevelManager</Filter>
    </ClInclude>
    <ClInclude Include="IgniterSpawner.h">
      <Filter>Archivos de encabezado\Spawner\Igniter</Filter>
    </ClInclude>
    <ClInclude Include="GenericSpawner.h">
      <Filter>Archivos de encabezado\Spawner</Filter>
    </ClInclude>
    <ClInclude Include="Garbage.h">
      <Filter>Archivos de encabezado\Systems\Garbage</Filter>
    </ClInclude>
    <ClInclude Include="Thief.h">
      <Filter>Archivos de encabezado\Actors\Enemy\Thief</Filter>
    </ClInclude>
    <ClInclude Include="ThiefSpawner.h">
      <Filter>Archivos de encabezado\Spawner\Thief</Filter>
    </ClInclude>
  </ItemGroup>
  <ItemGroup>
    <None Include="packages.config" />
  </ItemGroup>
  <ItemGroup>
    <Filter Include="Archivos de encabezado">
      <UniqueIdentifier>{e472c0fb-f126-4734-b6ef-eb77099f38d1}</UniqueIdentifier>
    </Filter>
    <Filter Include="Archivos de encabezado\Actors">
      <UniqueIdentifier>{0ad0b4fa-a167-4a71-9aad-ec9c590a02fd}</UniqueIdentifier>
    </Filter>
    <Filter Include="Archivos de encabezado\Actors\BaseActor">
      <UniqueIdentifier>{aee40e4d-f7f5-49e7-ad84-536f6f5551ac}</UniqueIdentifier>
    </Filter>
    <Filter Include="Archivos de encabezado\Actors\AnimatedActor">
      <UniqueIdentifier>{143f7be1-a800-4868-849c-0dcd243fafb4}</UniqueIdentifier>
    </Filter>
    <Filter Include="Archivos de encabezado\Systems">
      <UniqueIdentifier>{5618f83a-f89a-4571-bf5c-f5f242cd2cab}</UniqueIdentifier>
    </Filter>
    <Filter Include="Archivos de encabezado\Systems\Generic">
      <UniqueIdentifier>{13b5e80c-2b39-49c8-889a-ab10e7bc0347}</UniqueIdentifier>
    </Filter>
    <Filter Include="Archivos de encabezado\Systems\TickSystem">
      <UniqueIdentifier>{6a4468c2-28d3-4c13-ad64-e2e88d71e51d}</UniqueIdentifier>
    </Filter>
    <Filter Include="Archivos de encabezado\Utils">
      <UniqueIdentifier>{79a5b99e-edfb-4d36-82c8-7c48f8b20a05}</UniqueIdentifier>
    </Filter>
    <Filter Include="Archivos de encabezado\Utils\Defs">
      <UniqueIdentifier>{2f952292-9180-4a4c-9276-7b2529aae88c}</UniqueIdentifier>
    </Filter>
    <Filter Include="Archivos de origen">
      <UniqueIdentifier>{2aabfe34-cd37-4712-821b-0afdbb65cf78}</UniqueIdentifier>
    </Filter>
    <Filter Include="Archivos de recursos">
      <UniqueIdentifier>{939befa9-3e9a-4252-baef-133e540e9ca4}</UniqueIdentifier>
    </Filter>
    <Filter Include="Archivos de encabezado\Cameras">
      <UniqueIdentifier>{7b158f18-a7f2-483e-ac4f-e3866810e614}</UniqueIdentifier>
    </Filter>
    <Filter Include="Archivos de encabezado\Cameras\BasicCamera">
      <UniqueIdentifier>{e6d24f7f-b484-46da-acf8-fa860fc5f9bb}</UniqueIdentifier>
    </Filter>
    <Filter Include="Archivos de encabezado\Components">
      <UniqueIdentifier>{098d56e0-f56d-447d-8b51-8944d3646be4}</UniqueIdentifier>
    </Filter>
    <Filter Include="Archivos de encabezado\Systems\Input">
      <UniqueIdentifier>{33d8c055-9a69-41b5-a82a-e2c34c7cb7e5}</UniqueIdentifier>
    </Filter>
    <Filter Include="Archivos de encabezado\Systems\Input\Commands">
      <UniqueIdentifier>{d8a57d69-2d39-429e-9fa1-eeee94728901}</UniqueIdentifier>
    </Filter>
    <Filter Include="Archivos de encabezado\Systems\Input\Commands\GenericCommand">
      <UniqueIdentifier>{b44d2a85-9e3d-459f-a901-4e7fe017538a}</UniqueIdentifier>
    </Filter>
    <Filter Include="Archivos de encabezado\Systems\Input\System">
      <UniqueIdentifier>{d9cae08d-b5a3-4487-a32a-00660231de50}</UniqueIdentifier>
    </Filter>
    <Filter Include="Archivos de encabezado\Systems\Input\Driver">
      <UniqueIdentifier>{58378fff-a057-4675-90ea-bba6f86eea39}</UniqueIdentifier>
    </Filter>
    <Filter Include="Archivos de encabezado\Systems\Input\Handler">
      <UniqueIdentifier>{3f287f80-5db4-403e-9901-a163d49f7970}</UniqueIdentifier>
    </Filter>
    <Filter Include="Archivos de encabezado\Systems\Input\Commands\ActorCommands">
      <UniqueIdentifier>{7cbc27a5-fe10-4a32-aeb2-fdb66091d09e}</UniqueIdentifier>
    </Filter>
    <Filter Include="Archivos de encabezado\Systems\Input\Commands\ActorCommands\MoveCommands">
      <UniqueIdentifier>{a46ed297-375d-46b3-b154-bbd98f05651e}</UniqueIdentifier>
    </Filter>
    <Filter Include="Archivos de encabezado\Systems\Input\Commands\GlobalCommands">
      <UniqueIdentifier>{fadaddae-363e-479e-949a-d23b44c4950a}</UniqueIdentifier>
    </Filter>
    <Filter Include="Archivos de recursos\Test">
      <UniqueIdentifier>{eca1ae46-b2aa-465f-b93f-e4531782fb12}</UniqueIdentifier>
    </Filter>
    <Filter Include="Archivos de encabezado\Components\JumpComponent">
      <UniqueIdentifier>{bb19fc10-c30d-438f-bcab-7910699b9320}</UniqueIdentifier>
    </Filter>
    <Filter Include="Archivos de encabezado\Systems\CollisionSystem">
      <UniqueIdentifier>{82f06e35-8393-456e-a7e6-04d1a40c1d77}</UniqueIdentifier>
    </Filter>
    <Filter Include="Archivos de encabezado\Actors\SpriteActor">
      <UniqueIdentifier>{949cdc10-c177-40a7-b4d6-5758edb38968}</UniqueIdentifier>
    </Filter>
    <Filter Include="Archivos de encabezado\Components\GenericComponent">
      <UniqueIdentifier>{d689e97d-3393-4a19-8ba6-d734817c3b3c}</UniqueIdentifier>
    </Filter>
    <Filter Include="Archivos de encabezado\Components\GravityComponent">
      <UniqueIdentifier>{d5c5bf79-165c-4b64-9236-ecd6ceda25bb}</UniqueIdentifier>
    </Filter>
    <Filter Include="Archivos de encabezado\Actors\Player">
      <UniqueIdentifier>{2eb059be-6935-47bb-b27b-cdc1a994ec73}</UniqueIdentifier>
    </Filter>
    <Filter Include="Archivos de encabezado\Actors\ShadowActor">
      <UniqueIdentifier>{ce59203c-be50-4fbd-b22e-7ec30109d779}</UniqueIdentifier>
    </Filter>
    <Filter Include="Archivos de encabezado\Systems\GlobalSystem">
      <UniqueIdentifier>{65c6f3e6-27ed-4e9f-a62d-c9c95fd9b420}</UniqueIdentifier>
    </Filter>
    <Filter Include="Archivos de encabezado\Systems\MemoryManager">
      <UniqueIdentifier>{2d2a246c-4250-499d-a9e7-e417deb30d75}</UniqueIdentifier>
    </Filter>
    <Filter Include="Archivos de encabezado\Actors\Hearth">
      <UniqueIdentifier>{4bf6ee4d-26ce-4b10-99d0-2f68ac81222c}</UniqueIdentifier>
    </Filter>
    <Filter Include="Archivos de encabezado\Actors\Reindeer">
      <UniqueIdentifier>{b4889d54-adb6-41e3-bcce-57005bb604d1}</UniqueIdentifier>
    </Filter>
    <Filter Include="Archivos de encabezado\Observer">
      <UniqueIdentifier>{5013ef7e-fbf4-48bb-9e9a-56ada92d6939}</UniqueIdentifier>
    </Filter>
    <Filter Include="Archivos de encabezado\Actors\Present">
      <UniqueIdentifier>{00cbf21d-e764-4c04-92b8-4a44abe96e25}</UniqueIdentifier>
    </Filter>
    <Filter Include="Archivos de encabezado\Actors\Enemy">
      <UniqueIdentifier>{73f3bd5d-4af0-4ad6-adbe-75090f6ff1d7}</UniqueIdentifier>
    </Filter>
    <Filter Include="Archivos de encabezado\Actors\Enemy\Igniter">
      <UniqueIdentifier>{c2b121ca-61bf-496b-b375-18c271d848a7}</UniqueIdentifier>
    </Filter>
    <Filter Include="Archivos de encabezado\LevelManager">
      <UniqueIdentifier>{921a8605-f3e9-49a0-afde-ff707eeb1780}</UniqueIdentifier>
    </Filter>
    <Filter Include="Archivos de encabezado\Spawner">
      <UniqueIdentifier>{3bf705ec-16ec-4740-9cf2-5330a3f73041}</UniqueIdentifier>
    </Filter>
    <Filter Include="Archivos de encabezado\Spawner\Igniter">
      <UniqueIdentifier>{b210171c-461d-4043-9fff-7ba319f97724}</UniqueIdentifier>
    </Filter>
    <Filter Include="Archivos de encabezado\Systems\Garbage">
      <UniqueIdentifier>{9a735c94-21b5-4c42-ae56-04e035a296b8}</UniqueIdentifier>
    </Filter>
    <Filter Include="Archivos de encabezado\Actors\Enemy\Thief">
      <UniqueIdentifier>{41cbab97-80f7-43f9-ac3f-32bc476e69dc}</UniqueIdentifier>
    </Filter>
    <Filter Include="Archivos de encabezado\Spawner\Thief">
      <UniqueIdentifier>{32a145aa-ddd7-4270-add3-f2a21e5b420c}</UniqueIdentifier>
    </Filter>
  </ItemGroup>
</Project>